
Microsoft Visual Studio Solution File, Format Version 12.00
# Visual Studio Version 17
VisualStudioVersion = 17.0.31903.59
MinimumVisualStudioVersion = 10.0.40219.1
Project("{2150E333-8FDC-42A3-9474-1A3956D46DE8}") = "4-Enterprise Business Rules", "4-Enterprise Business Rules", "{8C1E43AB-D7DB-4D61-B944-356DAD685AD5}"
EndProject
Project("{FAE04EC0-301F-11D3-BF4B-00C04F79EFBC}") = "App.Entities", "App.Entities\App.Entities.csproj", "{F16546B0-F3D7-4FDE-A4F4-9923F0042818}"
EndProject
Project("{2150E333-8FDC-42A3-9474-1A3956D46DE8}") = "3-Application Business Rules", "3-Application Business Rules", "{5C9D41C8-D91B-426C-99AA-806DC53B3825}"
EndProject
Project("{FAE04EC0-301F-11D3-BF4B-00C04F79EFBC}") = "App.DTO", "App.DTO\App.DTO.csproj", "{0DB1DCE6-3298-441B-8AE7-E83FC9B46B10}"
EndProject
Project("{FAE04EC0-301F-11D3-BF4B-00C04F79EFBC}") = "App.UseCasePorts", "App.UseCasePorts\App.UseCasePorts.csproj", "{497BA7CF-5D63-42F3-B019-502364A4AF6F}"
EndProject
Project("{FAE04EC0-301F-11D3-BF4B-00C04F79EFBC}") = "App.UseCases", "App.UseCases\App.UseCases.csproj", "{034396DE-F346-4B61-8F64-DA8D5033B54C}"
EndProject
Project("{2150E333-8FDC-42A3-9474-1A3956D46DE8}") = "2-Interface Adapters", "2-Interface Adapters", "{978F95D5-CAD0-4450-8641-9FCB243CDEFE}"
EndProject
Project("{2150E333-8FDC-42A3-9474-1A3956D46DE8}") = "Gateways", "Gateways", "{DEF98EAE-A3DC-4003-ABCC-93697AF881B5}"
EndProject
Project("{FAE04EC0-301F-11D3-BF4B-00C04F79EFBC}") = "App.RepositoryEFCore", "App.RepositoryEFCore\App.RepositoryEFCore.csproj", "{4DDDC16C-C660-43EA-9C55-276541BE1452}"
EndProject
Project("{2150E333-8FDC-42A3-9474-1A3956D46DE8}") = "Presenters", "Presenters", "{FDA7C12E-B505-492A-B2BC-1996E55F2A86}"
EndProject
Project("{FAE04EC0-301F-11D3-BF4B-00C04F79EFBC}") = "App.Presenters", "App.Presenters\App.Presenters.csproj", "{D32E4E6E-C9F0-48A0-9447-F374DB87ACE7}"
EndProject
Project("{FAE04EC0-301F-11D3-BF4B-00C04F79EFBC}") = "App.IoC", "App.IoC\App.IoC.csproj", "{3759EB1C-57DF-47F9-AF47-5205C0C92B8C}"
EndProject
Project("{2150E333-8FDC-42A3-9474-1A3956D46DE8}") = "Controllers", "Controllers", "{A849ED23-1C2A-4531-9616-0BE85F951276}"
EndProject
Project("{FAE04EC0-301F-11D3-BF4B-00C04F79EFBC}") = "App.Controllers", "App.Controllers\App.Controllers.csproj", "{AADCA5A6-EBE2-45D6-BB93-DB0E4FB198B1}"
EndProject
Project("{2150E333-8FDC-42A3-9474-1A3956D46DE8}") = "1-Frameworks and Drivers", "1-Frameworks and Drivers", "{3A8BC8A1-2B42-4CFF-BB06-FD3DADB68DCF}"
EndProject
Project("{2150E333-8FDC-42A3-9474-1A3956D46DE8}") = "UI", "UI", "{BE85911A-B898-4E10-8F83-1857439F4C30}"
EndProject
Project("{FAE04EC0-301F-11D3-BF4B-00C04F79EFBC}") = "App.API", "App.API\App.API.csproj", "{385E830C-12FF-4F9C-8B67-D59C9AE13872}"
EndProject
Global
	GlobalSection(SolutionConfigurationPlatforms) = preSolution
		Debug|Any CPU = Debug|Any CPU
		Release|Any CPU = Release|Any CPU
	EndGlobalSection
	GlobalSection(ProjectConfigurationPlatforms) = postSolution
		{F16546B0-F3D7-4FDE-A4F4-9923F0042818}.Debug|Any CPU.ActiveCfg = Debug|Any CPU
		{F16546B0-F3D7-4FDE-A4F4-9923F0042818}.Debug|Any CPU.Build.0 = Debug|Any CPU
		{F16546B0-F3D7-4FDE-A4F4-9923F0042818}.Release|Any CPU.ActiveCfg = Release|Any CPU
		{F16546B0-F3D7-4FDE-A4F4-9923F0042818}.Release|Any CPU.Build.0 = Release|Any CPU
		{0DB1DCE6-3298-441B-8AE7-E83FC9B46B10}.Debug|Any CPU.ActiveCfg = Debug|Any CPU
		{0DB1DCE6-3298-441B-8AE7-E83FC9B46B10}.Debug|Any CPU.Build.0 = Debug|Any CPU
		{0DB1DCE6-3298-441B-8AE7-E83FC9B46B10}.Release|Any CPU.ActiveCfg = Release|Any CPU
		{0DB1DCE6-3298-441B-8AE7-E83FC9B46B10}.Release|Any CPU.Build.0 = Release|Any CPU
		{497BA7CF-5D63-42F3-B019-502364A4AF6F}.Debug|Any CPU.ActiveCfg = Debug|Any CPU
		{497BA7CF-5D63-42F3-B019-502364A4AF6F}.Debug|Any CPU.Build.0 = Debug|Any CPU
		{497BA7CF-5D63-42F3-B019-502364A4AF6F}.Release|Any CPU.ActiveCfg = Release|Any CPU
		{497BA7CF-5D63-42F3-B019-502364A4AF6F}.Release|Any CPU.Build.0 = Release|Any CPU
		{034396DE-F346-4B61-8F64-DA8D5033B54C}.Debug|Any CPU.ActiveCfg = Debug|Any CPU
		{034396DE-F346-4B61-8F64-DA8D5033B54C}.Debug|Any CPU.Build.0 = Debug|Any CPU
		{034396DE-F346-4B61-8F64-DA8D5033B54C}.Release|Any CPU.ActiveCfg = Release|Any CPU
		{034396DE-F346-4B61-8F64-DA8D5033B54C}.Release|Any CPU.Build.0 = Release|Any CPU
		{4DDDC16C-C660-43EA-9C55-276541BE1452}.Debug|Any CPU.ActiveCfg = Debug|Any CPU
		{4DDDC16C-C660-43EA-9C55-276541BE1452}.Debug|Any CPU.Build.0 = Debug|Any CPU
		{4DDDC16C-C660-43EA-9C55-276541BE1452}.Release|Any CPU.ActiveCfg = Release|Any CPU
		{4DDDC16C-C660-43EA-9C55-276541BE1452}.Release|Any CPU.Build.0 = Release|Any CPU
		{D32E4E6E-C9F0-48A0-9447-F374DB87ACE7}.Debug|Any CPU.ActiveCfg = Debug|Any CPU
		{D32E4E6E-C9F0-48A0-9447-F374DB87ACE7}.Debug|Any CPU.Build.0 = Debug|Any CPU
		{D32E4E6E-C9F0-48A0-9447-F374DB87ACE7}.Release|Any CPU.ActiveCfg = Release|Any CPU
		{D32E4E6E-C9F0-48A0-9447-F374DB87ACE7}.Release|Any CPU.Build.0 = Release|Any CPU
		{3759EB1C-57DF-47F9-AF47-5205C0C92B8C}.Debug|Any CPU.ActiveCfg = Debug|Any CPU
		{3759EB1C-57DF-47F9-AF47-5205C0C92B8C}.Debug|Any CPU.Build.0 = Debug|Any CPU
		{3759EB1C-57DF-47F9-AF47-5205C0C92B8C}.Release|Any CPU.ActiveCfg = Release|Any CPU
		{3759EB1C-57DF-47F9-AF47-5205C0C92B8C}.Release|Any CPU.Build.0 = Release|Any CPU
		{AADCA5A6-EBE2-45D6-BB93-DB0E4FB198B1}.Debug|Any CPU.ActiveCfg = Debug|Any CPU
		{AADCA5A6-EBE2-45D6-BB93-DB0E4FB198B1}.Debug|Any CPU.Build.0 = Debug|Any CPU
		{AADCA5A6-EBE2-45D6-BB93-DB0E4FB198B1}.Release|Any CPU.ActiveCfg = Release|Any CPU
		{AADCA5A6-EBE2-45D6-BB93-DB0E4FB198B1}.Release|Any CPU.Build.0 = Release|Any CPU
		{385E830C-12FF-4F9C-8B67-D59C9AE13872}.Debug|Any CPU.ActiveCfg = Debug|Any CPU
		{385E830C-12FF-4F9C-8B67-D59C9AE13872}.Debug|Any CPU.Build.0 = Debug|Any CPU
		{385E830C-12FF-4F9C-8B67-D59C9AE13872}.Release|Any CPU.ActiveCfg = Release|Any CPU
		{385E830C-12FF-4F9C-8B67-D59C9AE13872}.Release|Any CPU.Build.0 = Release|Any CPU
	EndGlobalSection
	GlobalSection(SolutionProperties) = preSolution
		HideSolutionNode = FALSE
	EndGlobalSection
	GlobalSection(NestedProjects) = preSolution
		{F16546B0-F3D7-4FDE-A4F4-9923F0042818} = {8C1E43AB-D7DB-4D61-B944-356DAD685AD5}
		{0DB1DCE6-3298-441B-8AE7-E83FC9B46B10} = {5C9D41C8-D91B-426C-99AA-806DC53B3825}
		{497BA7CF-5D63-42F3-B019-502364A4AF6F} = {5C9D41C8-D91B-426C-99AA-806DC53B3825}
		{034396DE-F346-4B61-8F64-DA8D5033B54C} = {5C9D41C8-D91B-426C-99AA-806DC53B3825}
		{DEF98EAE-A3DC-4003-ABCC-93697AF881B5} = {978F95D5-CAD0-4450-8641-9FCB243CDEFE}
		{4DDDC16C-C660-43EA-9C55-276541BE1452} = {DEF98EAE-A3DC-4003-ABCC-93697AF881B5}
		{FDA7C12E-B505-492A-B2BC-1996E55F2A86} = {978F95D5-CAD0-4450-8641-9FCB243CDEFE}
		{D32E4E6E-C9F0-48A0-9447-F374DB87ACE7} = {FDA7C12E-B505-492A-B2BC-1996E55F2A86}
		{3759EB1C-57DF-47F9-AF47-5205C0C92B8C} = {DEF98EAE-A3DC-4003-ABCC-93697AF881B5}
		{A849ED23-1C2A-4531-9616-0BE85F951276} = {978F95D5-CAD0-4450-8641-9FCB243CDEFE}
		{AADCA5A6-EBE2-45D6-BB93-DB0E4FB198B1} = {A849ED23-1C2A-4531-9616-0BE85F951276}
		{BE85911A-B898-4E10-8F83-1857439F4C30} = {3A8BC8A1-2B42-4CFF-BB06-FD3DADB68DCF}
		{385E830C-12FF-4F9C-8B67-D59C9AE13872} = {BE85911A-B898-4E10-8F83-1857439F4C30}
	EndGlobalSection
	GlobalSection(ExtensibilityGlobals) = postSolution
		SolutionGuid = {BC02B8F9-C722-415E-9DD4-41DDD584DAAC}
	EndGlobalSection
EndGlobal
